// !$*UTF8*$!
{
	archiveVersion = 1;
	classes = {
	};
	objectVersion = 51;
	objects = {

/* Begin PBXBuildFile section */
		6E0430F7239FECD700594B10 /* PreviewCell.swift in Sources */ = {isa = PBXBuildFile; fileRef = 6E0430F6239FECD700594B10 /* PreviewCell.swift */; };
		6E0430F9239FEF2300594B10 /* PreviewShotsController.swift in Sources */ = {isa = PBXBuildFile; fileRef = 6E0430F8239FEF2300594B10 /* PreviewShotsController.swift */; };
		6E0E2A37238EDBBB00CDBF74 /* UIView+Layout.swift in Sources */ = {isa = PBXBuildFile; fileRef = 6E0E2A36238EDBBB00CDBF74 /* UIView+Layout.swift */; };
		6E0E2A3A238EDE3A00CDBF74 /* Service.swift in Sources */ = {isa = PBXBuildFile; fileRef = 6E0E2A39238EDE3A00CDBF74 /* Service.swift */; };
		6E386C5723A1429A00E8EBEE /* ReviewCell.swift in Sources */ = {isa = PBXBuildFile; fileRef = 6E386C5623A1429A00E8EBEE /* ReviewCell.swift */; };
		6E386C5923A1460200E8EBEE /* ReviewsController.swift in Sources */ = {isa = PBXBuildFile; fileRef = 6E386C5823A1460200E8EBEE /* ReviewsController.swift */; };
		6E386C5B23A1484200E8EBEE /* ReviewRowCell.swift in Sources */ = {isa = PBXBuildFile; fileRef = 6E386C5A23A1484200E8EBEE /* ReviewRowCell.swift */; };
		6E44915D23996DF5002B8AF0 /* BetterSnappingLayout.swift in Sources */ = {isa = PBXBuildFile; fileRef = 6E44915C23996DF5002B8AF0 /* BetterSnappingLayout.swift */; };
		6E44916023996F8D002B8AF0 /* HorizontalSnappingController.swift in Sources */ = {isa = PBXBuildFile; fileRef = 6E44915F23996F8D002B8AF0 /* HorizontalSnappingController.swift */; };
		6E469D76238D8EF500EEAD8F /* SearchResult.swift in Sources */ = {isa = PBXBuildFile; fileRef = 6E469D75238D8EF500EEAD8F /* SearchResult.swift */; };
		6E58843C239CCBAE009A3569 /* AppDetailController.swift in Sources */ = {isa = PBXBuildFile; fileRef = 6E58843B239CCBAE009A3569 /* AppDetailController.swift */; };
		6E58843F239D506D009A3569 /* AppDetailCell.swift in Sources */ = {isa = PBXBuildFile; fileRef = 6E58843E239D506D009A3569 /* AppDetailCell.swift */; };
		6E58CD7D239417140013D470 /* AppsPageHeader.swift in Sources */ = {isa = PBXBuildFile; fileRef = 6E58CD7C239417140013D470 /* AppsPageHeader.swift */; };
		6E58CD7F239419DD0013D470 /* AppsHeaderHorizontalController.swift in Sources */ = {isa = PBXBuildFile; fileRef = 6E58CD7E239419DD0013D470 /* AppsHeaderHorizontalController.swift */; };
		6E58CD8123941ED70013D470 /* AppsHeaderCell.swift in Sources */ = {isa = PBXBuildFile; fileRef = 6E58CD8023941ED70013D470 /* AppsHeaderCell.swift */; };
		6E58CD83239426BC0013D470 /* AppGroup.swift in Sources */ = {isa = PBXBuildFile; fileRef = 6E58CD82239426BC0013D470 /* AppGroup.swift */; };
		6E63DABC2392B6CE00671060 /* AppsController.swift in Sources */ = {isa = PBXBuildFile; fileRef = 6E63DABB2392B6CE00671060 /* AppsController.swift */; };
		6E63DABE2392B7B600671060 /* BaseListController.swift in Sources */ = {isa = PBXBuildFile; fileRef = 6E63DABD2392B7B600671060 /* BaseListController.swift */; };
		6E63DAC02392BCDE00671060 /* AppsGroupCell.swift in Sources */ = {isa = PBXBuildFile; fileRef = 6E63DABF2392BCDE00671060 /* AppsGroupCell.swift */; };
		6E63DAC22392C09A00671060 /* AppshorizontalController.swift in Sources */ = {isa = PBXBuildFile; fileRef = 6E63DAC12392C09A00671060 /* AppshorizontalController.swift */; };
		6E63DAC72392CA6800671060 /* AppRowCell.swift in Sources */ = {isa = PBXBuildFile; fileRef = 6E63DAC62392CA6800671060 /* AppRowCell.swift */; };
		6E63DAC92392D3CA00671060 /* Extensions .swift in Sources */ = {isa = PBXBuildFile; fileRef = 6E63DAC82392D3CA00671060 /* Extensions .swift */; };
		6E74D288238A67B3009D79BE /* AppDelegate.swift in Sources */ = {isa = PBXBuildFile; fileRef = 6E74D287238A67B3009D79BE /* AppDelegate.swift */; };
		6E74D28A238A67B3009D79BE /* ViewController.swift in Sources */ = {isa = PBXBuildFile; fileRef = 6E74D289238A67B3009D79BE /* ViewController.swift */; };
		6E74D28D238A67B3009D79BE /* Main.storyboard in Resources */ = {isa = PBXBuildFile; fileRef = 6E74D28B238A67B3009D79BE /* Main.storyboard */; };
		6E74D28F238A67B4009D79BE /* Assets.xcassets in Resources */ = {isa = PBXBuildFile; fileRef = 6E74D28E238A67B4009D79BE /* Assets.xcassets */; };
		6E74D292238A67B4009D79BE /* LaunchScreen.storyboard in Resources */ = {isa = PBXBuildFile; fileRef = 6E74D290238A67B4009D79BE /* LaunchScreen.storyboard */; };
		6E74D29D238A67B4009D79BE /* AppStoreJSONApiTests.swift in Sources */ = {isa = PBXBuildFile; fileRef = 6E74D29C238A67B4009D79BE /* AppStoreJSONApiTests.swift */; };
		6E74D2A8238A67B4009D79BE /* AppStoreJSONApiUITests.swift in Sources */ = {isa = PBXBuildFile; fileRef = 6E74D2A7238A67B4009D79BE /* AppStoreJSONApiUITests.swift */; };
		6E74D2B6238A6804009D79BE /* BaseTabBarController.swift in Sources */ = {isa = PBXBuildFile; fileRef = 6E74D2B5238A6804009D79BE /* BaseTabBarController.swift */; };
		6E74D2B8238A6FDA009D79BE /* AppsSearchController.swift in Sources */ = {isa = PBXBuildFile; fileRef = 6E74D2B7238A6FDA009D79BE /* AppsSearchController.swift */; };
		6E74D2BA238A7A49009D79BE /* SearchResultCell.swift in Sources */ = {isa = PBXBuildFile; fileRef = 6E74D2B9238A7A49009D79BE /* SearchResultCell.swift */; };
		6E74D2BE238AD5C8009D79BE /* VerticalStackView.swift in Sources */ = {isa = PBXBuildFile; fileRef = 6E74D2BD238AD5C8009D79BE /* VerticalStackView.swift */; };
		6E9366562396C2E10021E153 /* SocialApp.swift in Sources */ = {isa = PBXBuildFile; fileRef = 6E9366552396C2E10021E153 /* SocialApp.swift */; };
		6EAA4F0D23BA56FF00406D1C /* AppFullscreenController.swift in Sources */ = {isa = PBXBuildFile; fileRef = 6EAA4F0C23BA56FF00406D1C /* AppFullscreenController.swift */; };
		6EAA4F1023BA5BC600406D1C /* AppFullScreenDescCell.swift in Sources */ = {isa = PBXBuildFile; fileRef = 6EAA4F0F23BA5BC600406D1C /* AppFullScreenDescCell.swift */; };
		6EC1144723BE470400BDF651 /* TodayItem.swift in Sources */ = {isa = PBXBuildFile; fileRef = 6EC1144623BE470400BDF651 /* TodayItem.swift */; };
		6ED792C123BCF6D500AE16A3 /* AppFullscreenHeaderCell.swift in Sources */ = {isa = PBXBuildFile; fileRef = 6ED792C023BCF6D500AE16A3 /* AppFullscreenHeaderCell.swift */; };
		6EF3901223AF6BE000F14B7E /* TodayController.swift in Sources */ = {isa = PBXBuildFile; fileRef = 6EF3901123AF6BE000F14B7E /* TodayController.swift */; };
		6EF3901423AF6CAE00F14B7E /* TodayCell.swift in Sources */ = {isa = PBXBuildFile; fileRef = 6EF3901323AF6CAE00F14B7E /* TodayCell.swift */; };
		6EFD393523A296EC0061A879 /* Reviews.swift in Sources */ = {isa = PBXBuildFile; fileRef = 6EFD393423A296EC0061A879 /* Reviews.swift */; };
		7FDC63E6A138F9169959A904 /* Pods_AppStoreJSONApiTests.framework in Frameworks */ = {isa = PBXBuildFile; fileRef = 9271D02D0A5FF9BE9DA81A1F /* Pods_AppStoreJSONApiTests.framework */; };
		AFA2138CC68D0F61757FF3A6 /* Pods_AppStoreJSONApi.framework in Frameworks */ = {isa = PBXBuildFile; fileRef = A0830F421F69564CAF300779 /* Pods_AppStoreJSONApi.framework */; };
		B96612B42C18E038D275ACEA /* Pods_AppStoreJSONApi_AppStoreJSONApiUITests.framework in Frameworks */ = {isa = PBXBuildFile; fileRef = DC2F8759E5CE8A14D2E07653 /* Pods_AppStoreJSONApi_AppStoreJSONApiUITests.framework */; };
/* End PBXBuildFile section */

/* Begin PBXContainerItemProxy section */
		6E74D299238A67B4009D79BE /* PBXContainerItemProxy */ = {
			isa = PBXContainerItemProxy;
			containerPortal = 6E74D27C238A67B3009D79BE /* Project object */;
			proxyType = 1;
			remoteGlobalIDString = 6E74D283238A67B3009D79BE;
			remoteInfo = AppStoreJSONApi;
		};
		6E74D2A4238A67B4009D79BE /* PBXContainerItemProxy */ = {
			isa = PBXContainerItemProxy;
			containerPortal = 6E74D27C238A67B3009D79BE /* Project object */;
			proxyType = 1;
			remoteGlobalIDString = 6E74D283238A67B3009D79BE;
			remoteInfo = AppStoreJSONApi;
		};
/* End PBXContainerItemProxy section */

/* Begin PBXFileReference section */
		1A2B29E06CB28D0A3FD629E2 /* Pods-AppStoreJSONApi.release.xcconfig */ = {isa = PBXFileReference; includeInIndex = 1; lastKnownFileType = text.xcconfig; name = "Pods-AppStoreJSONApi.release.xcconfig"; path = "Target Support Files/Pods-AppStoreJSONApi/Pods-AppStoreJSONApi.release.xcconfig"; sourceTree = "<group>"; };
		422A338B2007C083FC51A61D /* Pods-AppStoreJSONApi-AppStoreJSONApiUITests.release.xcconfig */ = {isa = PBXFileReference; includeInIndex = 1; lastKnownFileType = text.xcconfig; name = "Pods-AppStoreJSONApi-AppStoreJSONApiUITests.release.xcconfig"; path = "Target Support Files/Pods-AppStoreJSONApi-AppStoreJSONApiUITests/Pods-AppStoreJSONApi-AppStoreJSONApiUITests.release.xcconfig"; sourceTree = "<group>"; };
		6E0430F6239FECD700594B10 /* PreviewCell.swift */ = {isa = PBXFileReference; lastKnownFileType = sourcecode.swift; path = PreviewCell.swift; sourceTree = "<group>"; };
		6E0430F8239FEF2300594B10 /* PreviewShotsController.swift */ = {isa = PBXFileReference; lastKnownFileType = sourcecode.swift; path = PreviewShotsController.swift; sourceTree = "<group>"; };
		6E0E2A36238EDBBB00CDBF74 /* UIView+Layout.swift */ = {isa = PBXFileReference; lastKnownFileType = sourcecode.swift; path = "UIView+Layout.swift"; sourceTree = "<group>"; };
		6E0E2A39238EDE3A00CDBF74 /* Service.swift */ = {isa = PBXFileReference; lastKnownFileType = sourcecode.swift; path = Service.swift; sourceTree = "<group>"; };
		6E386C5623A1429A00E8EBEE /* ReviewCell.swift */ = {isa = PBXFileReference; lastKnownFileType = sourcecode.swift; path = ReviewCell.swift; sourceTree = "<group>"; };
		6E386C5823A1460200E8EBEE /* ReviewsController.swift */ = {isa = PBXFileReference; lastKnownFileType = sourcecode.swift; path = ReviewsController.swift; sourceTree = "<group>"; };
		6E386C5A23A1484200E8EBEE /* ReviewRowCell.swift */ = {isa = PBXFileReference; lastKnownFileType = sourcecode.swift; path = ReviewRowCell.swift; sourceTree = "<group>"; };
		6E44915C23996DF5002B8AF0 /* BetterSnappingLayout.swift */ = {isa = PBXFileReference; lastKnownFileType = sourcecode.swift; path = BetterSnappingLayout.swift; sourceTree = "<group>"; };
		6E44915F23996F8D002B8AF0 /* HorizontalSnappingController.swift */ = {isa = PBXFileReference; lastKnownFileType = sourcecode.swift; path = HorizontalSnappingController.swift; sourceTree = "<group>"; };
		6E469D75238D8EF500EEAD8F /* SearchResult.swift */ = {isa = PBXFileReference; lastKnownFileType = sourcecode.swift; path = SearchResult.swift; sourceTree = "<group>"; };
		6E58843B239CCBAE009A3569 /* AppDetailController.swift */ = {isa = PBXFileReference; lastKnownFileType = sourcecode.swift; path = AppDetailController.swift; sourceTree = "<group>"; };
		6E58843E239D506D009A3569 /* AppDetailCell.swift */ = {isa = PBXFileReference; lastKnownFileType = sourcecode.swift; path = AppDetailCell.swift; sourceTree = "<group>"; };
		6E58CD7C239417140013D470 /* AppsPageHeader.swift */ = {isa = PBXFileReference; lastKnownFileType = sourcecode.swift; path = AppsPageHeader.swift; sourceTree = "<group>"; };
		6E58CD7E239419DD0013D470 /* AppsHeaderHorizontalController.swift */ = {isa = PBXFileReference; lastKnownFileType = sourcecode.swift; path = AppsHeaderHorizontalController.swift; sourceTree = "<group>"; };
		6E58CD8023941ED70013D470 /* AppsHeaderCell.swift */ = {isa = PBXFileReference; lastKnownFileType = sourcecode.swift; path = AppsHeaderCell.swift; sourceTree = "<group>"; };
		6E58CD82239426BC0013D470 /* AppGroup.swift */ = {isa = PBXFileReference; lastKnownFileType = sourcecode.swift; path = AppGroup.swift; sourceTree = "<group>"; };
		6E63DABB2392B6CE00671060 /* AppsController.swift */ = {isa = PBXFileReference; lastKnownFileType = sourcecode.swift; path = AppsController.swift; sourceTree = "<group>"; };
		6E63DABD2392B7B600671060 /* BaseListController.swift */ = {isa = PBXFileReference; lastKnownFileType = sourcecode.swift; path = BaseListController.swift; sourceTree = "<group>"; };
		6E63DABF2392BCDE00671060 /* AppsGroupCell.swift */ = {isa = PBXFileReference; lastKnownFileType = sourcecode.swift; path = AppsGroupCell.swift; sourceTree = "<group>"; };
		6E63DAC12392C09A00671060 /* AppshorizontalController.swift */ = {isa = PBXFileReference; lastKnownFileType = sourcecode.swift; path = AppshorizontalController.swift; sourceTree = "<group>"; };
		6E63DAC62392CA6800671060 /* AppRowCell.swift */ = {isa = PBXFileReference; lastKnownFileType = sourcecode.swift; path = AppRowCell.swift; sourceTree = "<group>"; };
		6E63DAC82392D3CA00671060 /* Extensions .swift */ = {isa = PBXFileReference; lastKnownFileType = sourcecode.swift; path = "Extensions .swift"; sourceTree = "<group>"; };
		6E74D284238A67B3009D79BE /* AppStoreJSONApi.app */ = {isa = PBXFileReference; explicitFileType = wrapper.application; includeInIndex = 0; path = AppStoreJSONApi.app; sourceTree = BUILT_PRODUCTS_DIR; };
		6E74D287238A67B3009D79BE /* AppDelegate.swift */ = {isa = PBXFileReference; lastKnownFileType = sourcecode.swift; path = AppDelegate.swift; sourceTree = "<group>"; };
		6E74D289238A67B3009D79BE /* ViewController.swift */ = {isa = PBXFileReference; lastKnownFileType = sourcecode.swift; path = ViewController.swift; sourceTree = "<group>"; };
		6E74D28C238A67B3009D79BE /* Base */ = {isa = PBXFileReference; lastKnownFileType = file.storyboard; name = Base; path = Base.lproj/Main.storyboard; sourceTree = "<group>"; };
		6E74D28E238A67B4009D79BE /* Assets.xcassets */ = {isa = PBXFileReference; lastKnownFileType = folder.assetcatalog; path = Assets.xcassets; sourceTree = "<group>"; };
		6E74D291238A67B4009D79BE /* Base */ = {isa = PBXFileReference; lastKnownFileType = file.storyboard; name = Base; path = Base.lproj/LaunchScreen.storyboard; sourceTree = "<group>"; };
		6E74D293238A67B4009D79BE /* Info.plist */ = {isa = PBXFileReference; lastKnownFileType = text.plist.xml; path = Info.plist; sourceTree = "<group>"; };
		6E74D298238A67B4009D79BE /* AppStoreJSONApiTests.xctest */ = {isa = PBXFileReference; explicitFileType = wrapper.cfbundle; includeInIndex = 0; path = AppStoreJSONApiTests.xctest; sourceTree = BUILT_PRODUCTS_DIR; };
		6E74D29C238A67B4009D79BE /* AppStoreJSONApiTests.swift */ = {isa = PBXFileReference; lastKnownFileType = sourcecode.swift; path = AppStoreJSONApiTests.swift; sourceTree = "<group>"; };
		6E74D29E238A67B4009D79BE /* Info.plist */ = {isa = PBXFileReference; lastKnownFileType = text.plist.xml; path = Info.plist; sourceTree = "<group>"; };
		6E74D2A3238A67B4009D79BE /* AppStoreJSONApiUITests.xctest */ = {isa = PBXFileReference; explicitFileType = wrapper.cfbundle; includeInIndex = 0; path = AppStoreJSONApiUITests.xctest; sourceTree = BUILT_PRODUCTS_DIR; };
		6E74D2A7238A67B4009D79BE /* AppStoreJSONApiUITests.swift */ = {isa = PBXFileReference; lastKnownFileType = sourcecode.swift; path = AppStoreJSONApiUITests.swift; sourceTree = "<group>"; };
		6E74D2A9238A67B4009D79BE /* Info.plist */ = {isa = PBXFileReference; lastKnownFileType = text.plist.xml; path = Info.plist; sourceTree = "<group>"; };
		6E74D2B5238A6804009D79BE /* BaseTabBarController.swift */ = {isa = PBXFileReference; lastKnownFileType = sourcecode.swift; path = BaseTabBarController.swift; sourceTree = "<group>"; };
		6E74D2B7238A6FDA009D79BE /* AppsSearchController.swift */ = {isa = PBXFileReference; lastKnownFileType = sourcecode.swift; path = AppsSearchController.swift; sourceTree = "<group>"; };
		6E74D2B9238A7A49009D79BE /* SearchResultCell.swift */ = {isa = PBXFileReference; lastKnownFileType = sourcecode.swift; path = SearchResultCell.swift; sourceTree = "<group>"; };
		6E74D2BD238AD5C8009D79BE /* VerticalStackView.swift */ = {isa = PBXFileReference; lastKnownFileType = sourcecode.swift; path = VerticalStackView.swift; sourceTree = "<group>"; };
		6E9366552396C2E10021E153 /* SocialApp.swift */ = {isa = PBXFileReference; lastKnownFileType = sourcecode.swift; path = SocialApp.swift; sourceTree = "<group>"; };
		6EAA4F0C23BA56FF00406D1C /* AppFullscreenController.swift */ = {isa = PBXFileReference; lastKnownFileType = sourcecode.swift; path = AppFullscreenController.swift; sourceTree = "<group>"; };
		6EAA4F0F23BA5BC600406D1C /* AppFullScreenDescCell.swift */ = {isa = PBXFileReference; lastKnownFileType = sourcecode.swift; path = AppFullScreenDescCell.swift; sourceTree = "<group>"; };
		6EC1144623BE470400BDF651 /* TodayItem.swift */ = {isa = PBXFileReference; lastKnownFileType = sourcecode.swift; path = TodayItem.swift; sourceTree = "<group>"; };
		6ED792C023BCF6D500AE16A3 /* AppFullscreenHeaderCell.swift */ = {isa = PBXFileReference; lastKnownFileType = sourcecode.swift; path = AppFullscreenHeaderCell.swift; sourceTree = "<group>"; };
		6EF3901123AF6BE000F14B7E /* TodayController.swift */ = {isa = PBXFileReference; lastKnownFileType = sourcecode.swift; path = TodayController.swift; sourceTree = "<group>"; };
		6EF3901323AF6CAE00F14B7E /* TodayCell.swift */ = {isa = PBXFileReference; lastKnownFileType = sourcecode.swift; path = TodayCell.swift; sourceTree = "<group>"; };
		6EFD393423A296EC0061A879 /* Reviews.swift */ = {isa = PBXFileReference; lastKnownFileType = sourcecode.swift; path = Reviews.swift; sourceTree = "<group>"; };
		9271D02D0A5FF9BE9DA81A1F /* Pods_AppStoreJSONApiTests.framework */ = {isa = PBXFileReference; explicitFileType = wrapper.framework; includeInIndex = 0; path = Pods_AppStoreJSONApiTests.framework; sourceTree = BUILT_PRODUCTS_DIR; };
		A0830F421F69564CAF300779 /* Pods_AppStoreJSONApi.framework */ = {isa = PBXFileReference; explicitFileType = wrapper.framework; includeInIndex = 0; path = Pods_AppStoreJSONApi.framework; sourceTree = BUILT_PRODUCTS_DIR; };
		A7C9E1D1A0FD59766F85E73D /* Pods-AppStoreJSONApi.debug.xcconfig */ = {isa = PBXFileReference; includeInIndex = 1; lastKnownFileType = text.xcconfig; name = "Pods-AppStoreJSONApi.debug.xcconfig"; path = "Target Support Files/Pods-AppStoreJSONApi/Pods-AppStoreJSONApi.debug.xcconfig"; sourceTree = "<group>"; };
		AD99C6030ECD4DBCA7844C5C /* Pods-AppStoreJSONApi-AppStoreJSONApiUITests.debug.xcconfig */ = {isa = PBXFileReference; includeInIndex = 1; lastKnownFileType = text.xcconfig; name = "Pods-AppStoreJSONApi-AppStoreJSONApiUITests.debug.xcconfig"; path = "Target Support Files/Pods-AppStoreJSONApi-AppStoreJSONApiUITests/Pods-AppStoreJSONApi-AppStoreJSONApiUITests.debug.xcconfig"; sourceTree = "<group>"; };
		B58EBA2DC8ADFDA2434639F9 /* Pods-AppStoreJSONApiTests.release.xcconfig */ = {isa = PBXFileReference; includeInIndex = 1; lastKnownFileType = text.xcconfig; name = "Pods-AppStoreJSONApiTests.release.xcconfig"; path = "Target Support Files/Pods-AppStoreJSONApiTests/Pods-AppStoreJSONApiTests.release.xcconfig"; sourceTree = "<group>"; };
		DC2F8759E5CE8A14D2E07653 /* Pods_AppStoreJSONApi_AppStoreJSONApiUITests.framework */ = {isa = PBXFileReference; explicitFileType = wrapper.framework; includeInIndex = 0; path = Pods_AppStoreJSONApi_AppStoreJSONApiUITests.framework; sourceTree = BUILT_PRODUCTS_DIR; };
		F966A1EDB31BF519177ECCB5 /* Pods-AppStoreJSONApiTests.debug.xcconfig */ = {isa = PBXFileReference; includeInIndex = 1; lastKnownFileType = text.xcconfig; name = "Pods-AppStoreJSONApiTests.debug.xcconfig"; path = "Target Support Files/Pods-AppStoreJSONApiTests/Pods-AppStoreJSONApiTests.debug.xcconfig"; sourceTree = "<group>"; };
/* End PBXFileReference section */

/* Begin PBXFrameworksBuildPhase section */
		6E74D281238A67B3009D79BE /* Frameworks */ = {
			isa = PBXFrameworksBuildPhase;
			buildActionMask = 2147483647;
			files = (
				AFA2138CC68D0F61757FF3A6 /* Pods_AppStoreJSONApi.framework in Frameworks */,
			);
			runOnlyForDeploymentPostprocessing = 0;
		};
		6E74D295238A67B4009D79BE /* Frameworks */ = {
			isa = PBXFrameworksBuildPhase;
			buildActionMask = 2147483647;
			files = (
				7FDC63E6A138F9169959A904 /* Pods_AppStoreJSONApiTests.framework in Frameworks */,
			);
			runOnlyForDeploymentPostprocessing = 0;
		};
		6E74D2A0238A67B4009D79BE /* Frameworks */ = {
			isa = PBXFrameworksBuildPhase;
			buildActionMask = 2147483647;
			files = (
				B96612B42C18E038D275ACEA /* Pods_AppStoreJSONApi_AppStoreJSONApiUITests.framework in Frameworks */,
			);
			runOnlyForDeploymentPostprocessing = 0;
		};
/* End PBXFrameworksBuildPhase section */

/* Begin PBXGroup section */
		6E0E2A38238EDE2500CDBF74 /* Service */ = {
			isa = PBXGroup;
			children = (
				6E0E2A39238EDE3A00CDBF74 /* Service.swift */,
			);
			path = Service;
			sourceTree = "<group>";
		};
		6E44915E23996F27002B8AF0 /* Helpers */ = {
			isa = PBXGroup;
			children = (
				6E63DAC82392D3CA00671060 /* Extensions .swift */,
				6E0E2A36238EDBBB00CDBF74 /* UIView+Layout.swift */,
				6E44915C23996DF5002B8AF0 /* BetterSnappingLayout.swift */,
			);
			path = Helpers;
			sourceTree = "<group>";
		};
		6E469D72238D888600EEAD8F /* View */ = {
			isa = PBXGroup;
			children = (
				6E63DAC42392C5CC00671060 /* Apps */,
				6E74D2B9238A7A49009D79BE /* SearchResultCell.swift */,
				6E74D2BD238AD5C8009D79BE /* VerticalStackView.swift */,
				6EAA4F0E23BA5BB300406D1C /* Today */,
			);
			path = View;
			sourceTree = "<group>";
		};
		6E469D73238D889C00EEAD8F /* Controller */ = {
			isa = PBXGroup;
			children = (
				6E63DAC32392C5B000671060 /* Search */,
				6E63DAC52392C5DA00671060 /* Apps */,
				6EF3901023AF6BC700F14B7E /* Today */,
				6E63DABD2392B7B600671060 /* BaseListController.swift */,
				6E74D2B5238A6804009D79BE /* BaseTabBarController.swift */,
				6E44915F23996F8D002B8AF0 /* HorizontalSnappingController.swift */,
			);
			path = Controller;
			sourceTree = "<group>";
		};
		6E469D74238D8E3B00EEAD8F /* Model */ = {
			isa = PBXGroup;
			children = (
				6E469D75238D8EF500EEAD8F /* SearchResult.swift */,
				6E58CD82239426BC0013D470 /* AppGroup.swift */,
				6E9366552396C2E10021E153 /* SocialApp.swift */,
				6EFD393423A296EC0061A879 /* Reviews.swift */,
				6EC1144623BE470400BDF651 /* TodayItem.swift */,
			);
			path = Model;
			sourceTree = "<group>";
		};
		6E588439239CCB96009A3569 /* Details */ = {
			isa = PBXGroup;
			children = (
				6E58843B239CCBAE009A3569 /* AppDetailController.swift */,
				6E0430F8239FEF2300594B10 /* PreviewShotsController.swift */,
				6E386C5823A1460200E8EBEE /* ReviewsController.swift */,
			);
			path = Details;
			sourceTree = "<group>";
		};
		6E58843D239D4C0A009A3569 /* Details */ = {
			isa = PBXGroup;
			children = (
				6E58843E239D506D009A3569 /* AppDetailCell.swift */,
				6E0430F6239FECD700594B10 /* PreviewCell.swift */,
				6E386C5623A1429A00E8EBEE /* ReviewCell.swift */,
				6E386C5A23A1484200E8EBEE /* ReviewRowCell.swift */,
			);
			path = Details;
			sourceTree = "<group>";
		};
		6E63DAC32392C5B000671060 /* Search */ = {
			isa = PBXGroup;
			children = (
				6E74D2B7238A6FDA009D79BE /* AppsSearchController.swift */,
			);
			path = Search;
			sourceTree = "<group>";
		};
		6E63DAC42392C5CC00671060 /* Apps */ = {
			isa = PBXGroup;
			children = (
				6E58843D239D4C0A009A3569 /* Details */,
				6E63DABF2392BCDE00671060 /* AppsGroupCell.swift */,
				6E63DAC62392CA6800671060 /* AppRowCell.swift */,
				6E58CD7C239417140013D470 /* AppsPageHeader.swift */,
				6E58CD8023941ED70013D470 /* AppsHeaderCell.swift */,
			);
			path = Apps;
			sourceTree = "<group>";
		};
		6E63DAC52392C5DA00671060 /* Apps */ = {
			isa = PBXGroup;
			children = (
				6E588439239CCB96009A3569 /* Details */,
				6E63DABB2392B6CE00671060 /* AppsController.swift */,
				6E63DAC12392C09A00671060 /* AppshorizontalController.swift */,
				6E58CD7E239419DD0013D470 /* AppsHeaderHorizontalController.swift */,
			);
			path = Apps;
			sourceTree = "<group>";
		};
		6E74D27B238A67B3009D79BE = {
			isa = PBXGroup;
			children = (
				6E74D286238A67B3009D79BE /* AppStoreJSONApi */,
				6E74D29B238A67B4009D79BE /* AppStoreJSONApiTests */,
				6E74D2A6238A67B4009D79BE /* AppStoreJSONApiUITests */,
				6E74D285238A67B3009D79BE /* Products */,
				9DDC7F8EDD15F9347521C9E5 /* Pods */,
				8557D972A07B857ABD42D744 /* Frameworks */,
			);
			sourceTree = "<group>";
		};
		6E74D285238A67B3009D79BE /* Products */ = {
			isa = PBXGroup;
			children = (
				6E74D284238A67B3009D79BE /* AppStoreJSONApi.app */,
				6E74D298238A67B4009D79BE /* AppStoreJSONApiTests.xctest */,
				6E74D2A3238A67B4009D79BE /* AppStoreJSONApiUITests.xctest */,
			);
			name = Products;
			sourceTree = "<group>";
		};
		6E74D286238A67B3009D79BE /* AppStoreJSONApi */ = {
			isa = PBXGroup;
			children = (
				6E74D287238A67B3009D79BE /* AppDelegate.swift */,
				6E74D289238A67B3009D79BE /* ViewController.swift */,
				6E469D74238D8E3B00EEAD8F /* Model */,
				6E469D73238D889C00EEAD8F /* Controller */,
				6E469D72238D888600EEAD8F /* View */,
				6E74D28B238A67B3009D79BE /* Main.storyboard */,
				6E44915E23996F27002B8AF0 /* Helpers */,
				6E0E2A38238EDE2500CDBF74 /* Service */,
				6E74D28E238A67B4009D79BE /* Assets.xcassets */,
				6E74D290238A67B4009D79BE /* LaunchScreen.storyboard */,
				6E74D293238A67B4009D79BE /* Info.plist */,
			);
			path = AppStoreJSONApi;
			sourceTree = "<group>";
		};
		6E74D29B238A67B4009D79BE /* AppStoreJSONApiTests */ = {
			isa = PBXGroup;
			children = (
				6E74D29C238A67B4009D79BE /* AppStoreJSONApiTests.swift */,
				6E74D29E238A67B4009D79BE /* Info.plist */,
			);
			path = AppStoreJSONApiTests;
			sourceTree = "<group>";
		};
		6E74D2A6238A67B4009D79BE /* AppStoreJSONApiUITests */ = {
			isa = PBXGroup;
			children = (
				6E74D2A7238A67B4009D79BE /* AppStoreJSONApiUITests.swift */,
				6E74D2A9238A67B4009D79BE /* Info.plist */,
			);
			path = AppStoreJSONApiUITests;
			sourceTree = "<group>";
		};
		6EAA4F0E23BA5BB300406D1C /* Today */ = {
			isa = PBXGroup;
			children = (
				6EF3901323AF6CAE00F14B7E /* TodayCell.swift */,
				6EAA4F0F23BA5BC600406D1C /* AppFullScreenDescCell.swift */,
				6ED792C023BCF6D500AE16A3 /* AppFullscreenHeaderCell.swift */,
			);
			path = Today;
			sourceTree = "<group>";
		};
		6EF3901023AF6BC700F14B7E /* Today */ = {
			isa = PBXGroup;
			children = (
				6EF3901123AF6BE000F14B7E /* TodayController.swift */,
				6EAA4F0C23BA56FF00406D1C /* AppFullscreenController.swift */,
			);
			path = Today;
			sourceTree = "<group>";
		};
		8557D972A07B857ABD42D744 /* Frameworks */ = {
			isa = PBXGroup;
			children = (
				A0830F421F69564CAF300779 /* Pods_AppStoreJSONApi.framework */,
				DC2F8759E5CE8A14D2E07653 /* Pods_AppStoreJSONApi_AppStoreJSONApiUITests.framework */,
				9271D02D0A5FF9BE9DA81A1F /* Pods_AppStoreJSONApiTests.framework */,
			);
			name = Frameworks;
			sourceTree = "<group>";
		};
		9DDC7F8EDD15F9347521C9E5 /* Pods */ = {
			isa = PBXGroup;
			children = (
				A7C9E1D1A0FD59766F85E73D /* Pods-AppStoreJSONApi.debug.xcconfig */,
				1A2B29E06CB28D0A3FD629E2 /* Pods-AppStoreJSONApi.release.xcconfig */,
				AD99C6030ECD4DBCA7844C5C /* Pods-AppStoreJSONApi-AppStoreJSONApiUITests.debug.xcconfig */,
				422A338B2007C083FC51A61D /* Pods-AppStoreJSONApi-AppStoreJSONApiUITests.release.xcconfig */,
				F966A1EDB31BF519177ECCB5 /* Pods-AppStoreJSONApiTests.debug.xcconfig */,
				B58EBA2DC8ADFDA2434639F9 /* Pods-AppStoreJSONApiTests.release.xcconfig */,
			);
			path = Pods;
			sourceTree = "<group>";
		};
/* End PBXGroup section */

/* Begin PBXNativeTarget section */
		6E74D283238A67B3009D79BE /* AppStoreJSONApi */ = {
			isa = PBXNativeTarget;
			buildConfigurationList = 6E74D2AC238A67B4009D79BE /* Build configuration list for PBXNativeTarget "AppStoreJSONApi" */;
			buildPhases = (
				34B6F0C656F502631CAC2D90 /* [CP] Check Pods Manifest.lock */,
				6E74D280238A67B3009D79BE /* Sources */,
				6E74D281238A67B3009D79BE /* Frameworks */,
				6E74D282238A67B3009D79BE /* Resources */,
				DCD4C43977D06F2C6C3F2984 /* [CP] Embed Pods Frameworks */,
			);
			buildRules = (
			);
			dependencies = (
			);
			name = AppStoreJSONApi;
			productName = AppStoreJSONApi;
			productReference = 6E74D284238A67B3009D79BE /* AppStoreJSONApi.app */;
			productType = "com.apple.product-type.application";
		};
		6E74D297238A67B4009D79BE /* AppStoreJSONApiTests */ = {
			isa = PBXNativeTarget;
			buildConfigurationList = 6E74D2AF238A67B4009D79BE /* Build configuration list for PBXNativeTarget "AppStoreJSONApiTests" */;
			buildPhases = (
				061F1524AD7DE61ED6B58972 /* [CP] Check Pods Manifest.lock */,
				6E74D294238A67B4009D79BE /* Sources */,
				6E74D295238A67B4009D79BE /* Frameworks */,
				6E74D296238A67B4009D79BE /* Resources */,
			);
			buildRules = (
			);
			dependencies = (
				6E74D29A238A67B4009D79BE /* PBXTargetDependency */,
			);
			name = AppStoreJSONApiTests;
			productName = AppStoreJSONApiTests;
			productReference = 6E74D298238A67B4009D79BE /* AppStoreJSONApiTests.xctest */;
			productType = "com.apple.product-type.bundle.unit-test";
		};
		6E74D2A2238A67B4009D79BE /* AppStoreJSONApiUITests */ = {
			isa = PBXNativeTarget;
			buildConfigurationList = 6E74D2B2238A67B4009D79BE /* Build configuration list for PBXNativeTarget "AppStoreJSONApiUITests" */;
			buildPhases = (
				1C9D00910357E55D8243552E /* [CP] Check Pods Manifest.lock */,
				6E74D29F238A67B4009D79BE /* Sources */,
				6E74D2A0238A67B4009D79BE /* Frameworks */,
				6E74D2A1238A67B4009D79BE /* Resources */,
				A484D214373899BFBFC0484B /* [CP] Embed Pods Frameworks */,
			);
			buildRules = (
			);
			dependencies = (
				6E74D2A5238A67B4009D79BE /* PBXTargetDependency */,
			);
			name = AppStoreJSONApiUITests;
			productName = AppStoreJSONApiUITests;
			productReference = 6E74D2A3238A67B4009D79BE /* AppStoreJSONApiUITests.xctest */;
			productType = "com.apple.product-type.bundle.ui-testing";
		};
/* End PBXNativeTarget section */

/* Begin PBXProject section */
		6E74D27C238A67B3009D79BE /* Project object */ = {
			isa = PBXProject;
			attributes = {
				LastSwiftUpdateCheck = 1030;
				LastUpgradeCheck = 1030;
				ORGANIZATIONNAME = ameyo;
				TargetAttributes = {
					6E74D283238A67B3009D79BE = {
						CreatedOnToolsVersion = 10.3;
					};
					6E74D297238A67B4009D79BE = {
						CreatedOnToolsVersion = 10.3;
						TestTargetID = 6E74D283238A67B3009D79BE;
					};
					6E74D2A2238A67B4009D79BE = {
						CreatedOnToolsVersion = 10.3;
						TestTargetID = 6E74D283238A67B3009D79BE;
					};
				};
			};
			buildConfigurationList = 6E74D27F238A67B3009D79BE /* Build configuration list for PBXProject "AppStoreJSONApi" */;
			compatibilityVersion = "Xcode 9.3";
			developmentRegion = en;
			hasScannedForEncodings = 0;
			knownRegions = (
				en,
				Base,
			);
			mainGroup = 6E74D27B238A67B3009D79BE;
			productRefGroup = 6E74D285238A67B3009D79BE /* Products */;
			projectDirPath = "";
			projectRoot = "";
			targets = (
				6E74D283238A67B3009D79BE /* AppStoreJSONApi */,
				6E74D297238A67B4009D79BE /* AppStoreJSONApiTests */,
				6E74D2A2238A67B4009D79BE /* AppStoreJSONApiUITests */,
			);
		};
/* End PBXProject section */

/* Begin PBXResourcesBuildPhase section */
		6E74D282238A67B3009D79BE /* Resources */ = {
			isa = PBXResourcesBuildPhase;
			buildActionMask = 2147483647;
			files = (
				6E74D292238A67B4009D79BE /* LaunchScreen.storyboard in Resources */,
				6E74D28F238A67B4009D79BE /* Assets.xcassets in Resources */,
				6E74D28D238A67B3009D79BE /* Main.storyboard in Resources */,
			);
			runOnlyForDeploymentPostprocessing = 0;
		};
		6E74D296238A67B4009D79BE /* Resources */ = {
			isa = PBXResourcesBuildPhase;
			buildActionMask = 2147483647;
			files = (
			);
			runOnlyForDeploymentPostprocessing = 0;
		};
		6E74D2A1238A67B4009D79BE /* Resources */ = {
			isa = PBXResourcesBuildPhase;
			buildActionMask = 2147483647;
			files = (
			);
			runOnlyForDeploymentPostprocessing = 0;
		};
/* End PBXResourcesBuildPhase section */

/* Begin PBXShellScriptBuildPhase section */
		061F1524AD7DE61ED6B58972 /* [CP] Check Pods Manifest.lock */ = {
			isa = PBXShellScriptBuildPhase;
			buildActionMask = 2147483647;
			files = (
			);
			inputFileListPaths = (
			);
			inputPaths = (
				"${PODS_PODFILE_DIR_PATH}/Podfile.lock",
				"${PODS_ROOT}/Manifest.lock",
			);
			name = "[CP] Check Pods Manifest.lock";
			outputFileListPaths = (
			);
			outputPaths = (
				"$(DERIVED_FILE_DIR)/Pods-AppStoreJSONApiTests-checkManifestLockResult.txt",
			);
			runOnlyForDeploymentPostprocessing = 0;
			shellPath = /bin/sh;
			shellScript = "diff \"${PODS_PODFILE_DIR_PATH}/Podfile.lock\" \"${PODS_ROOT}/Manifest.lock\" > /dev/null\nif [ $? != 0 ] ; then\n    # print error to STDERR\n    echo \"error: The sandbox is not in sync with the Podfile.lock. Run 'pod install' or update your CocoaPods installation.\" >&2\n    exit 1\nfi\n# This output is used by Xcode 'outputs' to avoid re-running this script phase.\necho \"SUCCESS\" > \"${SCRIPT_OUTPUT_FILE_0}\"\n";
			showEnvVarsInLog = 0;
		};
		1C9D00910357E55D8243552E /* [CP] Check Pods Manifest.lock */ = {
			isa = PBXShellScriptBuildPhase;
			buildActionMask = 2147483647;
			files = (
			);
			inputFileListPaths = (
			);
			inputPaths = (
				"${PODS_PODFILE_DIR_PATH}/Podfile.lock",
				"${PODS_ROOT}/Manifest.lock",
			);
			name = "[CP] Check Pods Manifest.lock";
			outputFileListPaths = (
			);
			outputPaths = (
				"$(DERIVED_FILE_DIR)/Pods-AppStoreJSONApi-AppStoreJSONApiUITests-checkManifestLockResult.txt",
			);
			runOnlyForDeploymentPostprocessing = 0;
			shellPath = /bin/sh;
			shellScript = "diff \"${PODS_PODFILE_DIR_PATH}/Podfile.lock\" \"${PODS_ROOT}/Manifest.lock\" > /dev/null\nif [ $? != 0 ] ; then\n    # print error to STDERR\n    echo \"error: The sandbox is not in sync with the Podfile.lock. Run 'pod install' or update your CocoaPods installation.\" >&2\n    exit 1\nfi\n# This output is used by Xcode 'outputs' to avoid re-running this script phase.\necho \"SUCCESS\" > \"${SCRIPT_OUTPUT_FILE_0}\"\n";
			showEnvVarsInLog = 0;
		};
		34B6F0C656F502631CAC2D90 /* [CP] Check Pods Manifest.lock */ = {
			isa = PBXShellScriptBuildPhase;
			buildActionMask = 2147483647;
			files = (
			);
			inputFileListPaths = (
			);
			inputPaths = (
				"${PODS_PODFILE_DIR_PATH}/Podfile.lock",
				"${PODS_ROOT}/Manifest.lock",
			);
			name = "[CP] Check Pods Manifest.lock";
			outputFileListPaths = (
			);
			outputPaths = (
				"$(DERIVED_FILE_DIR)/Pods-AppStoreJSONApi-checkManifestLockResult.txt",
			);
			runOnlyForDeploymentPostprocessing = 0;
			shellPath = /bin/sh;
			shellScript = "diff \"${PODS_PODFILE_DIR_PATH}/Podfile.lock\" \"${PODS_ROOT}/Manifest.lock\" > /dev/null\nif [ $? != 0 ] ; then\n    # print error to STDERR\n    echo \"error: The sandbox is not in sync with the Podfile.lock. Run 'pod install' or update your CocoaPods installation.\" >&2\n    exit 1\nfi\n# This output is used by Xcode 'outputs' to avoid re-running this script phase.\necho \"SUCCESS\" > \"${SCRIPT_OUTPUT_FILE_0}\"\n";
			showEnvVarsInLog = 0;
		};
		A484D214373899BFBFC0484B /* [CP] Embed Pods Frameworks */ = {
			isa = PBXShellScriptBuildPhase;
			buildActionMask = 2147483647;
			files = (
			);
			inputFileListPaths = (
				"${PODS_ROOT}/Target Support Files/Pods-AppStoreJSONApi-AppStoreJSONApiUITests/Pods-AppStoreJSONApi-AppStoreJSONApiUITests-frameworks-${CONFIGURATION}-input-files.xcfilelist",
			);
			name = "[CP] Embed Pods Frameworks";
			outputFileListPaths = (
				"${PODS_ROOT}/Target Support Files/Pods-AppStoreJSONApi-AppStoreJSONApiUITests/Pods-AppStoreJSONApi-AppStoreJSONApiUITests-frameworks-${CONFIGURATION}-output-files.xcfilelist",
			);
			runOnlyForDeploymentPostprocessing = 0;
			shellPath = /bin/sh;
			shellScript = "\"${PODS_ROOT}/Target Support Files/Pods-AppStoreJSONApi-AppStoreJSONApiUITests/Pods-AppStoreJSONApi-AppStoreJSONApiUITests-frameworks.sh\"\n";
			showEnvVarsInLog = 0;
		};
		DCD4C43977D06F2C6C3F2984 /* [CP] Embed Pods Frameworks */ = {
			isa = PBXShellScriptBuildPhase;
			buildActionMask = 2147483647;
			files = (
			);
			inputFileListPaths = (
				"${PODS_ROOT}/Target Support Files/Pods-AppStoreJSONApi/Pods-AppStoreJSONApi-frameworks-${CONFIGURATION}-input-files.xcfilelist",
			);
			name = "[CP] Embed Pods Frameworks";
			outputFileListPaths = (
				"${PODS_ROOT}/Target Support Files/Pods-AppStoreJSONApi/Pods-AppStoreJSONApi-frameworks-${CONFIGURATION}-output-files.xcfilelist",
			);
			runOnlyForDeploymentPostprocessing = 0;
			shellPath = /bin/sh;
			shellScript = "\"${PODS_ROOT}/Target Support Files/Pods-AppStoreJSONApi/Pods-AppStoreJSONApi-frameworks.sh\"\n";
			showEnvVarsInLog = 0;
		};
/* End PBXShellScriptBuildPhase section */

/* Begin PBXSourcesBuildPhase section */
		6E74D280238A67B3009D79BE /* Sources */ = {
			isa = PBXSourcesBuildPhase;
			buildActionMask = 2147483647;
			files = (
				6E0E2A37238EDBBB00CDBF74 /* UIView+Layout.swift in Sources */,
				6E74D28A238A67B3009D79BE /* ViewController.swift in Sources */,
				6E9366562396C2E10021E153 /* SocialApp.swift in Sources */,
				6EAA4F1023BA5BC600406D1C /* AppFullScreenDescCell.swift in Sources */,
				6E44915D23996DF5002B8AF0 /* BetterSnappingLayout.swift in Sources */,
				6EAA4F0D23BA56FF00406D1C /* AppFullscreenController.swift in Sources */,
				6E386C5723A1429A00E8EBEE /* ReviewCell.swift in Sources */,
				6E386C5B23A1484200E8EBEE /* ReviewRowCell.swift in Sources */,
				6E74D288238A67B3009D79BE /* AppDelegate.swift in Sources */,
				6E58CD83239426BC0013D470 /* AppGroup.swift in Sources */,
				6E63DABC2392B6CE00671060 /* AppsController.swift in Sources */,
				6E58CD8123941ED70013D470 /* AppsHeaderCell.swift in Sources */,
				6E469D76238D8EF500EEAD8F /* SearchResult.swift in Sources */,
				6EF3901423AF6CAE00F14B7E /* TodayCell.swift in Sources */,
				6E44916023996F8D002B8AF0 /* HorizontalSnappingController.swift in Sources */,
				6E58843F239D506D009A3569 /* AppDetailCell.swift in Sources */,
				6E63DABE2392B7B600671060 /* BaseListController.swift in Sources */,
				6E63DAC72392CA6800671060 /* AppRowCell.swift in Sources */,
				6EC1144723BE470400BDF651 /* TodayItem.swift in Sources */,
				6E74D2B6238A6804009D79BE /* BaseTabBarController.swift in Sources */,
				6E0E2A3A238EDE3A00CDBF74 /* Service.swift in Sources */,
				6E58CD7D239417140013D470 /* AppsPageHeader.swift in Sources */,
				6E0430F9239FEF2300594B10 /* PreviewShotsController.swift in Sources */,
				6E0430F7239FECD700594B10 /* PreviewCell.swift in Sources */,
				6E386C5923A1460200E8EBEE /* ReviewsController.swift in Sources */,
				6EFD393523A296EC0061A879 /* Reviews.swift in Sources */,
				6EF3901223AF6BE000F14B7E /* TodayController.swift in Sources */,
				6E74D2B8238A6FDA009D79BE /* AppsSearchController.swift in Sources */,
				6E63DAC02392BCDE00671060 /* AppsGroupCell.swift in Sources */,
				6E74D2BA238A7A49009D79BE /* SearchResultCell.swift in Sources */,
				6E58843C239CCBAE009A3569 /* AppDetailController.swift in Sources */,
				6ED792C123BCF6D500AE16A3 /* AppFullscreenHeaderCell.swift in Sources */,
				6E63DAC92392D3CA00671060 /* Extensions .swift in Sources */,
				6E74D2BE238AD5C8009D79BE /* VerticalStackView.swift in Sources */,
				6E63DAC22392C09A00671060 /* AppshorizontalController.swift in Sources */,
				6E58CD7F239419DD0013D470 /* AppsHeaderHorizontalController.swift in Sources */,
			);
			runOnlyForDeploymentPostprocessing = 0;
		};
		6E74D294238A67B4009D79BE /* Sources */ = {
			isa = PBXSourcesBuildPhase;
			buildActionMask = 2147483647;
			files = (
				6E74D29D238A67B4009D79BE /* AppStoreJSONApiTests.swift in Sources */,
			);
			runOnlyForDeploymentPostprocessing = 0;
		};
		6E74D29F238A67B4009D79BE /* Sources */ = {
			isa = PBXSourcesBuildPhase;
			buildActionMask = 2147483647;
			files = (
				6E74D2A8238A67B4009D79BE /* AppStoreJSONApiUITests.swift in Sources */,
			);
			runOnlyForDeploymentPostprocessing = 0;
		};
/* End PBXSourcesBuildPhase section */

/* Begin PBXTargetDependency section */
		6E74D29A238A67B4009D79BE /* PBXTargetDependency */ = {
			isa = PBXTargetDependency;
			target = 6E74D283238A67B3009D79BE /* AppStoreJSONApi */;
			targetProxy = 6E74D299238A67B4009D79BE /* PBXContainerItemProxy */;
		};
		6E74D2A5238A67B4009D79BE /* PBXTargetDependency */ = {
			isa = PBXTargetDependency;
			target = 6E74D283238A67B3009D79BE /* AppStoreJSONApi */;
			targetProxy = 6E74D2A4238A67B4009D79BE /* PBXContainerItemProxy */;
		};
/* End PBXTargetDependency section */

/* Begin PBXVariantGroup section */
		6E74D28B238A67B3009D79BE /* Main.storyboard */ = {
			isa = PBXVariantGroup;
			children = (
				6E74D28C238A67B3009D79BE /* Base */,
			);
			name = Main.storyboard;
			sourceTree = "<group>";
		};
		6E74D290238A67B4009D79BE /* LaunchScreen.storyboard */ = {
			isa = PBXVariantGroup;
			children = (
				6E74D291238A67B4009D79BE /* Base */,
			);
			name = LaunchScreen.storyboard;
			sourceTree = "<group>";
		};
/* End PBXVariantGroup section */

/* Begin XCBuildConfiguration section */
		6E74D2AA238A67B4009D79BE /* Debug */ = {
			isa = XCBuildConfiguration;
			buildSettings = {
				ALWAYS_SEARCH_USER_PATHS = NO;
				CLANG_ANALYZER_NONNULL = YES;
				CLANG_ANALYZER_NUMBER_OBJECT_CONVERSION = YES_AGGRESSIVE;
				CLANG_CXX_LANGUAGE_STANDARD = "gnu++14";
				CLANG_CXX_LIBRARY = "libc++";
				CLANG_ENABLE_MODULES = YES;
				CLANG_ENABLE_OBJC_ARC = YES;
				CLANG_ENABLE_OBJC_WEAK = YES;
				CLANG_WARN_BLOCK_CAPTURE_AUTORELEASING = YES;
				CLANG_WARN_BOOL_CONVERSION = YES;
				CLANG_WARN_COMMA = YES;
				CLANG_WARN_CONSTANT_CONVERSION = YES;
				CLANG_WARN_DEPRECATED_OBJC_IMPLEMENTATIONS = YES;
				CLANG_WARN_DIRECT_OBJC_ISA_USAGE = YES_ERROR;
				CLANG_WARN_DOCUMENTATION_COMMENTS = YES;
				CLANG_WARN_EMPTY_BODY = YES;
				CLANG_WARN_ENUM_CONVERSION = YES;
				CLANG_WARN_INFINITE_RECURSION = YES;
				CLANG_WARN_INT_CONVERSION = YES;
				CLANG_WARN_NON_LITERAL_NULL_CONVERSION = YES;
				CLANG_WARN_OBJC_IMPLICIT_RETAIN_SELF = YES;
				CLANG_WARN_OBJC_LITERAL_CONVERSION = YES;
				CLANG_WARN_OBJC_ROOT_CLASS = YES_ERROR;
				CLANG_WARN_RANGE_LOOP_ANALYSIS = YES;
				CLANG_WARN_STRICT_PROTOTYPES = YES;
				CLANG_WARN_SUSPICIOUS_MOVE = YES;
				CLANG_WARN_UNGUARDED_AVAILABILITY = YES_AGGRESSIVE;
				CLANG_WARN_UNREACHABLE_CODE = YES;
				CLANG_WARN__DUPLICATE_METHOD_MATCH = YES;
				CODE_SIGN_IDENTITY = "iPhone Developer";
				COPY_PHASE_STRIP = NO;
				DEBUG_INFORMATION_FORMAT = dwarf;
				ENABLE_STRICT_OBJC_MSGSEND = YES;
				ENABLE_TESTABILITY = YES;
				GCC_C_LANGUAGE_STANDARD = gnu11;
				GCC_DYNAMIC_NO_PIC = NO;
				GCC_NO_COMMON_BLOCKS = YES;
				GCC_OPTIMIZATION_LEVEL = 0;
				GCC_PREPROCESSOR_DEFINITIONS = (
					"DEBUG=1",
					"$(inherited)",
				);
				GCC_WARN_64_TO_32_BIT_CONVERSION = YES;
				GCC_WARN_ABOUT_RETURN_TYPE = YES_ERROR;
				GCC_WARN_UNDECLARED_SELECTOR = YES;
				GCC_WARN_UNINITIALIZED_AUTOS = YES_AGGRESSIVE;
				GCC_WARN_UNUSED_FUNCTION = YES;
				GCC_WARN_UNUSED_VARIABLE = YES;
				IPHONEOS_DEPLOYMENT_TARGET = 12.4;
				MTL_ENABLE_DEBUG_INFO = INCLUDE_SOURCE;
				MTL_FAST_MATH = YES;
				ONLY_ACTIVE_ARCH = YES;
				SDKROOT = iphoneos;
				SWIFT_ACTIVE_COMPILATION_CONDITIONS = DEBUG;
				SWIFT_OPTIMIZATION_LEVEL = "-Onone";
			};
			name = Debug;
		};
		6E74D2AB238A67B4009D79BE /* Release */ = {
			isa = XCBuildConfiguration;
			buildSettings = {
				ALWAYS_SEARCH_USER_PATHS = NO;
				CLANG_ANALYZER_NONNULL = YES;
				CLANG_ANALYZER_NUMBER_OBJECT_CONVERSION = YES_AGGRESSIVE;
				CLANG_CXX_LANGUAGE_STANDARD = "gnu++14";
				CLANG_CXX_LIBRARY = "libc++";
				CLANG_ENABLE_MODULES = YES;
				CLANG_ENABLE_OBJC_ARC = YES;
				CLANG_ENABLE_OBJC_WEAK = YES;
				CLANG_WARN_BLOCK_CAPTURE_AUTORELEASING = YES;
				CLANG_WARN_BOOL_CONVERSION = YES;
				CLANG_WARN_COMMA = YES;
				CLANG_WARN_CONSTANT_CONVERSION = YES;
				CLANG_WARN_DEPRECATED_OBJC_IMPLEMENTATIONS = YES;
				CLANG_WARN_DIRECT_OBJC_ISA_USAGE = YES_ERROR;
				CLANG_WARN_DOCUMENTATION_COMMENTS = YES;
				CLANG_WARN_EMPTY_BODY = YES;
				CLANG_WARN_ENUM_CONVERSION = YES;
				CLANG_WARN_INFINITE_RECURSION = YES;
				CLANG_WARN_INT_CONVERSION = YES;
				CLANG_WARN_NON_LITERAL_NULL_CONVERSION = YES;
				CLANG_WARN_OBJC_IMPLICIT_RETAIN_SELF = YES;
				CLANG_WARN_OBJC_LITERAL_CONVERSION = YES;
				CLANG_WARN_OBJC_ROOT_CLASS = YES_ERROR;
				CLANG_WARN_RANGE_LOOP_ANALYSIS = YES;
				CLANG_WARN_STRICT_PROTOTYPES = YES;
				CLANG_WARN_SUSPICIOUS_MOVE = YES;
				CLANG_WARN_UNGUARDED_AVAILABILITY = YES_AGGRESSIVE;
				CLANG_WARN_UNREACHABLE_CODE = YES;
				CLANG_WARN__DUPLICATE_METHOD_MATCH = YES;
				CODE_SIGN_IDENTITY = "iPhone Developer";
				COPY_PHASE_STRIP = NO;
				DEBUG_INFORMATION_FORMAT = "dwarf-with-dsym";
				ENABLE_NS_ASSERTIONS = NO;
				ENABLE_STRICT_OBJC_MSGSEND = YES;
				GCC_C_LANGUAGE_STANDARD = gnu11;
				GCC_NO_COMMON_BLOCKS = YES;
				GCC_WARN_64_TO_32_BIT_CONVERSION = YES;
				GCC_WARN_ABOUT_RETURN_TYPE = YES_ERROR;
				GCC_WARN_UNDECLARED_SELECTOR = YES;
				GCC_WARN_UNINITIALIZED_AUTOS = YES_AGGRESSIVE;
				GCC_WARN_UNUSED_FUNCTION = YES;
				GCC_WARN_UNUSED_VARIABLE = YES;
				IPHONEOS_DEPLOYMENT_TARGET = 12.4;
				MTL_ENABLE_DEBUG_INFO = NO;
				MTL_FAST_MATH = YES;
				SDKROOT = iphoneos;
				SWIFT_COMPILATION_MODE = wholemodule;
				SWIFT_OPTIMIZATION_LEVEL = "-O";
				VALIDATE_PRODUCT = YES;
			};
			name = Release;
		};
		6E74D2AD238A67B4009D79BE /* Debug */ = {
			isa = XCBuildConfiguration;
			baseConfigurationReference = A7C9E1D1A0FD59766F85E73D /* Pods-AppStoreJSONApi.debug.xcconfig */;
			buildSettings = {
				ASSETCATALOG_COMPILER_APPICON_NAME = AppIcon;
				CODE_SIGN_STYLE = Automatic;
				DEVELOPMENT_TEAM = 8G52W4UACZ;
				INFOPLIST_FILE = AppStoreJSONApi/Info.plist;
				LD_RUNPATH_SEARCH_PATHS = (
					"$(inherited)",
					"@executable_path/Frameworks",
				);
				PRODUCT_BUNDLE_IDENTIFIER = com.learnbuild.AppStoreJSONApi;
				PRODUCT_NAME = "$(TARGET_NAME)";
				SWIFT_VERSION = 5.0;
				TARGETED_DEVICE_FAMILY = 1;
			};
			name = Debug;
		};
		6E74D2AE238A67B4009D79BE /* Release */ = {
			isa = XCBuildConfiguration;
			baseConfigurationReference = 1A2B29E06CB28D0A3FD629E2 /* Pods-AppStoreJSONApi.release.xcconfig */;
			buildSettings = {
				ASSETCATALOG_COMPILER_APPICON_NAME = AppIcon;
				CODE_SIGN_STYLE = Automatic;
				DEVELOPMENT_TEAM = 8G52W4UACZ;
				INFOPLIST_FILE = AppStoreJSONApi/Info.plist;
				LD_RUNPATH_SEARCH_PATHS = (
					"$(inherited)",
					"@executable_path/Frameworks",
				);
				PRODUCT_BUNDLE_IDENTIFIER = com.learnbuild.AppStoreJSONApi;
				PRODUCT_NAME = "$(TARGET_NAME)";
				SWIFT_VERSION = 5.0;
				TARGETED_DEVICE_FAMILY = 1;
			};
			name = Release;
		};
		6E74D2B0238A67B4009D79BE /* Debug */ = {
			isa = XCBuildConfiguration;
			baseConfigurationReference = F966A1EDB31BF519177ECCB5 /* Pods-AppStoreJSONApiTests.debug.xcconfig */;
			buildSettings = {
				ALWAYS_EMBED_SWIFT_STANDARD_LIBRARIES = YES;
				BUNDLE_LOADER = "$(TEST_HOST)";
				CODE_SIGN_STYLE = Automatic;
				DEVELOPMENT_TEAM = 8G52W4UACZ;
				INFOPLIST_FILE = AppStoreJSONApiTests/Info.plist;
				LD_RUNPATH_SEARCH_PATHS = (
					"$(inherited)",
					"@executable_path/Frameworks",
					"@loader_path/Frameworks",
				);
				PRODUCT_BUNDLE_IDENTIFIER = com.learnbuild.AppStoreJSONApiTests;
				PRODUCT_NAME = "$(TARGET_NAME)";
				SWIFT_VERSION = 5.0;
				TARGETED_DEVICE_FAMILY = "1,2";
				TEST_HOST = "$(BUILT_PRODUCTS_DIR)/AppStoreJSONApi.app/AppStoreJSONApi";
			};
			name = Debug;
		};
		6E74D2B1238A67B4009D79BE /* Release */ = {
			isa = XCBuildConfiguration;
			baseConfigurationReference = B58EBA2DC8ADFDA2434639F9 /* Pods-AppStoreJSONApiTests.release.xcconfig */;
			buildSettings = {
				ALWAYS_EMBED_SWIFT_STANDARD_LIBRARIES = YES;
				BUNDLE_LOADER = "$(TEST_HOST)";
				CODE_SIGN_STYLE = Automatic;
				DEVELOPMENT_TEAM = 8G52W4UACZ;
				INFOPLIST_FILE = AppStoreJSONApiTests/Info.plist;
				LD_RUNPATH_SEARCH_PATHS = (
					"$(inherited)",
					"@executable_path/Frameworks",
					"@loader_path/Frameworks",
				);
				PRODUCT_BUNDLE_IDENTIFIER = com.learnbuild.AppStoreJSONApiTests;
				PRODUCT_NAME = "$(TARGET_NAME)";
				SWIFT_VERSION = 5.0;
				TARGETED_DEVICE_FAMILY = "1,2";
				TEST_HOST = "$(BUILT_PRODUCTS_DIR)/AppStoreJSONApi.app/AppStoreJSONApi";
			};
			name = Release;
		};
		6E74D2B3238A67B4009D79BE /* Debug */ = {
			isa = XCBuildConfiguration;
			baseConfigurationReference = AD99C6030ECD4DBCA7844C5C /* Pods-AppStoreJSONApi-AppStoreJSONApiUITests.debug.xcconfig */;
			buildSettings = {
				ALWAYS_EMBED_SWIFT_STANDARD_LIBRARIES = YES;
				CODE_SIGN_STYLE = Automatic;
				DEVELOPMENT_TEAM = 8G52W4UACZ;
				INFOPLIST_FILE = AppStoreJSONApiUITests/Info.plist;
				LD_RUNPATH_SEARCH_PATHS = (
					"$(inherited)",
					"@executable_path/Frameworks",
					"@loader_path/Frameworks",
				);
				PRODUCT_BUNDLE_IDENTIFIER = com.learnbuild.AppStoreJSONApiUITests;
				PRODUCT_NAME = "$(TARGET_NAME)";
				SWIFT_VERSION = 5.0;
				TARGETED_DEVICE_FAMILY = "1,2";
				TEST_TARGET_NAME = AppStoreJSONApi;
			};
			name = Debug;
		};
		6E74D2B4238A67B4009D79BE /* Release */ = {
			isa = XCBuildConfiguration;
			baseConfigurationReference = 422A338B2007C083FC51A61D /* Pods-AppStoreJSONApi-AppStoreJSONApiUITests.release.xcconfig */;
			buildSettings = {
				ALWAYS_EMBED_SWIFT_STANDARD_LIBRARIES = YES;
				CODE_SIGN_STYLE = Automatic;
				DEVELOPMENT_TEAM = 8G52W4UACZ;
				INFOPLIST_FILE = AppStoreJSONApiUITests/Info.plist;
				LD_RUNPATH_SEARCH_PATHS = (
					"$(inherited)",
					"@executable_path/Frameworks",
					"@loader_path/Frameworks",
				);
				PRODUCT_BUNDLE_IDENTIFIER = com.learnbuild.AppStoreJSONApiUITests;
				PRODUCT_NAME = "$(TARGET_NAME)";
				SWIFT_VERSION = 5.0;
				TARGETED_DEVICE_FAMILY = "1,2";
				TEST_TARGET_NAME = AppStoreJSONApi;
			};
			name = Release;
		};
/* End XCBuildConfiguration section */

/* Begin XCConfigurationList section */
		6E74D27F238A67B3009D79BE /* Build configuration list for PBXProject "AppStoreJSONApi" */ = {
			isa = XCConfigurationList;
			buildConfigurations = (
				6E74D2AA238A67B4009D79BE /* Debug */,
				6E74D2AB238A67B4009D79BE /* Release */,
			);
			defaultConfigurationIsVisible = 0;
			defaultConfigurationName = Release;
		};
		6E74D2AC238A67B4009D79BE /* Build configuration list for PBXNativeTarget "AppStoreJSONApi" */ = {
			isa = XCConfigurationList;
			buildConfigurations = (
				6E74D2AD238A67B4009D79BE /* Debug */,
				6E74D2AE238A67B4009D79BE /* Release */,
			);
			defaultConfigurationIsVisible = 0;
			defaultConfigurationName = Release;
		};
		6E74D2AF238A67B4009D79BE /* Build configuration list for PBXNativeTarget "AppStoreJSONApiTests" */ = {
			isa = XCConfigurationList;
			buildConfigurations = (
				6E74D2B0238A67B4009D79BE /* Debug */,
				6E74D2B1238A67B4009D79BE /* Release */,
			);
			defaultConfigurationIsVisible = 0;
			defaultConfigurationName = Release;
		};
		6E74D2B2238A67B4009D79BE /* Build configuration list for PBXNativeTarget "AppStoreJSONApiUITests" */ = {
			isa = XCConfigurationList;
			buildConfigurations = (
				6E74D2B3238A67B4009D79BE /* Debug */,
				6E74D2B4238A67B4009D79BE /* Release */,
			);
			defaultConfigurationIsVisible = 0;
			defaultConfigurationName = Release;
		};
/* End XCConfigurationList section */
	};
	rootObject = 6E74D27C238A67B3009D79BE /* Project object */;
}
